Microsoft Visual Studio Solution File, Format Version 9.00
# Visual Studio 2005
Project("{FAE04EC0-301F-11D3-BF4B-00C04F79EFBC}") = "IEBus_Studio", "IEBus_Studio\IEBus_Studio.csproj", "{4696D963-7FE2-44B5-8730-7B157F5F722A}"
EndProject
Global
	GlobalSection(SolutionConfigurationPlatforms) = preSolution
		Debug|Any CPU = Debug|Any CPU
		Release|Any CPU = Release|Any CPU
	EndGlobalSection
	GlobalSection(ProjectConfigurationPlatforms) = postSolution
		{4696D963-7FE2-44B5-8730-7B157F5F722A}.Debug|Any CPU.ActiveCfg = Debug|Any CPU
		{4696D963-7FE2-44B5-8730-7B157F5F722A}.Debug|Any CPU.Build.0 = Debug|Any CPU
		{4696D963-7FE2-44B5-8730-7B157F5F722A}.Release|Any CPU.ActiveCfg = Release|Any CPU
		{4696D963-7FE2-44B5-8730-7B157F5F722A}.Release|Any CPU.Build.0 = Release|Any CPU
	EndGlobalSection
	GlobalSection(SolutionProperties) = preSolution
		HideSolutionNode = FALSE
	EndGlobalSection
EndGlobal
